
Microsoft Visual Studio Solution File, Format Version 12.00
# Visual Studio Version 17
VisualStudioVersion = 17.3.32825.248
MinimumVisualStudioVersion = 10.0.40219.1
Project("{8BC9CEB8-8B4A-11D0-8D11-00A0C91BC942}") = "2022.10.03-Homework-2", "2022.10.03-Homework-2\2022.10.03-Homework-2.vcxproj", "{CDBAA174-E6E2-4416-8CD9-9515218BC12E}"
EndProject
Project("{8BC9CEB8-8B4A-11D0-8D11-00A0C91BC942}") = "Task1", "Task1\Task1.vcxproj", "{BD6B5AAF-2D0C-4433-96FC-C4993FAA3914}"
EndProject
Project("{8BC9CEB8-8B4A-11D0-8D11-00A0C91BC942}") = "Task2", "Task2\Task2.vcxproj", "{919C8267-0A65-4E4B-AE2F-82D9B9F3A3E3}"
EndProject
Project("{8BC9CEB8-8B4A-11D0-8D11-00A0C91BC942}") = "Task3", "Task3\Task3.vcxproj", "{CDFEC77B-C815-46AA-8C52-191510C76855}"
EndProject
Project("{8BC9CEB8-8B4A-11D0-8D11-00A0C91BC942}") = "Task4", "Task4\Task4.vcxproj", "{2757866C-D5F4-43EF-8FB9-3C4B26B37A19}"
EndProject
Project("{8BC9CEB8-8B4A-11D0-8D11-00A0C91BC942}") = "Task5", "Task5\Task5.vcxproj", "{7D716FAC-F586-4954-8800-D2A980C49D0C}"
EndProject
Project("{8BC9CEB8-8B4A-11D0-8D11-00A0C91BC942}") = "Task6", "Task6\Task6.vcxproj", "{19386AD2-D42D-44BB-B519-6AB7C2E00008}"
EndProject
Project("{8BC9CEB8-8B4A-11D0-8D11-00A0C91BC942}") = "Task7", "Task7\Task7.vcxproj", "{F055F02A-A72B-4A53-AD5E-F82028C2E4D8}"
EndProject
Project("{8BC9CEB8-8B4A-11D0-8D11-00A0C91BC942}") = "Task8", "Task8\Task8.vcxproj", "{079B9EB1-14B2-4E64-A3A9-D32409ADDEC9}"
EndProject
Project("{8BC9CEB8-8B4A-11D0-8D11-00A0C91BC942}") = "Task9", "Task9\Task9.vcxproj", "{21B567E5-B5A3-47DC-B58C-EBC6C3A784BB}"
EndProject
Global
	GlobalSection(SolutionConfigurationPlatforms) = preSolution
		Debug|x64 = Debug|x64
		Debug|x86 = Debug|x86
		Release|x64 = Release|x64
		Release|x86 = Release|x86
	EndGlobalSection
	GlobalSection(ProjectConfigurationPlatforms) = postSolution
		{CDBAA174-E6E2-4416-8CD9-9515218BC12E}.Debug|x64.ActiveCfg = Debug|x64
		{CDBAA174-E6E2-4416-8CD9-9515218BC12E}.Debug|x64.Build.0 = Debug|x64
		{CDBAA174-E6E2-4416-8CD9-9515218BC12E}.Debug|x86.ActiveCfg = Debug|Win32
		{CDBAA174-E6E2-4416-8CD9-9515218BC12E}.Debug|x86.Build.0 = Debug|Win32
		{CDBAA174-E6E2-4416-8CD9-9515218BC12E}.Release|x64.ActiveCfg = Release|x64
		{CDBAA174-E6E2-4416-8CD9-9515218BC12E}.Release|x64.Build.0 = Release|x64
		{CDBAA174-E6E2-4416-8CD9-9515218BC12E}.Release|x86.ActiveCfg = Release|Win32
		{CDBAA174-E6E2-4416-8CD9-9515218BC12E}.Release|x86.Build.0 = Release|Win32
		{BD6B5AAF-2D0C-4433-96FC-C4993FAA3914}.Debug|x64.ActiveCfg = Debug|x64
		{BD6B5AAF-2D0C-4433-96FC-C4993FAA3914}.Debug|x64.Build.0 = Debug|x64
		{BD6B5AAF-2D0C-4433-96FC-C4993FAA3914}.Debug|x86.ActiveCfg = Debug|Win32
		{BD6B5AAF-2D0C-4433-96FC-C4993FAA3914}.Debug|x86.Build.0 = Debug|Win32
		{BD6B5AAF-2D0C-4433-96FC-C4993FAA3914}.Release|x64.ActiveCfg = Release|x64
		{BD6B5AAF-2D0C-4433-96FC-C4993FAA3914}.Release|x64.Build.0 = Release|x64
		{BD6B5AAF-2D0C-4433-96FC-C4993FAA3914}.Release|x86.ActiveCfg = Release|Win32
		{BD6B5AAF-2D0C-4433-96FC-C4993FAA3914}.Release|x86.Build.0 = Release|Win32
		{919C8267-0A65-4E4B-AE2F-82D9B9F3A3E3}.Debug|x64.ActiveCfg = Debug|x64
		{919C8267-0A65-4E4B-AE2F-82D9B9F3A3E3}.Debug|x64.Build.0 = Debug|x64
		{919C8267-0A65-4E4B-AE2F-82D9B9F3A3E3}.Debug|x86.ActiveCfg = Debug|Win32
		{919C8267-0A65-4E4B-AE2F-82D9B9F3A3E3}.Debug|x86.Build.0 = Debug|Win32
		{919C8267-0A65-4E4B-AE2F-82D9B9F3A3E3}.Release|x64.ActiveCfg = Release|x64
		{919C8267-0A65-4E4B-AE2F-82D9B9F3A3E3}.Release|x64.Build.0 = Release|x64
		{919C8267-0A65-4E4B-AE2F-82D9B9F3A3E3}.Release|x86.ActiveCfg = Release|Win32
		{919C8267-0A65-4E4B-AE2F-82D9B9F3A3E3}.Release|x86.Build.0 = Release|Win32
		{CDFEC77B-C815-46AA-8C52-191510C76855}.Debug|x64.ActiveCfg = Debug|x64
		{CDFEC77B-C815-46AA-8C52-191510C76855}.Debug|x64.Build.0 = Debug|x64
		{CDFEC77B-C815-46AA-8C52-191510C76855}.Debug|x86.ActiveCfg = Debug|Win32
		{CDFEC77B-C815-46AA-8C52-191510C76855}.Debug|x86.Build.0 = Debug|Win32
		{CDFEC77B-C815-46AA-8C52-191510C76855}.Release|x64.ActiveCfg = Release|x64
		{CDFEC77B-C815-46AA-8C52-191510C76855}.Release|x64.Build.0 = Release|x64
		{CDFEC77B-C815-46AA-8C52-191510C76855}.Release|x86.ActiveCfg = Release|Win32
		{CDFEC77B-C815-46AA-8C52-191510C76855}.Release|x86.Build.0 = Release|Win32
		{2757866C-D5F4-43EF-8FB9-3C4B26B37A19}.Debug|x64.ActiveCfg = Debug|x64
		{2757866C-D5F4-43EF-8FB9-3C4B26B37A19}.Debug|x64.Build.0 = Debug|x64
		{2757866C-D5F4-43EF-8FB9-3C4B26B37A19}.Debug|x86.ActiveCfg = Debug|Win32
		{2757866C-D5F4-43EF-8FB9-3C4B26B37A19}.Debug|x86.Build.0 = Debug|Win32
		{2757866C-D5F4-43EF-8FB9-3C4B26B37A19}.Release|x64.ActiveCfg = Release|x64
		{2757866C-D5F4-43EF-8FB9-3C4B26B37A19}.Release|x64.Build.0 = Release|x64
		{2757866C-D5F4-43EF-8FB9-3C4B26B37A19}.Release|x86.ActiveCfg = Release|Win32
		{2757866C-D5F4-43EF-8FB9-3C4B26B37A19}.Release|x86.Build.0 = Release|Win32
		{7D716FAC-F586-4954-8800-D2A980C49D0C}.Debug|x64.ActiveCfg = Debug|x64
		{7D716FAC-F586-4954-8800-D2A980C49D0C}.Debug|x64.Build.0 = Debug|x64
		{7D716FAC-F586-4954-8800-D2A980C49D0C}.Debug|x86.ActiveCfg = Debug|Win32
		{7D716FAC-F586-4954-8800-D2A980C49D0C}.Debug|x86.Build.0 = Debug|Win32
		{7D716FAC-F586-4954-8800-D2A980C49D0C}.Release|x64.ActiveCfg = Release|x64
		{7D716FAC-F586-4954-8800-D2A980C49D0C}.Release|x64.Build.0 = Release|x64
		{7D716FAC-F586-4954-8800-D2A980C49D0C}.Release|x86.ActiveCfg = Release|Win32
		{7D716FAC-F586-4954-8800-D2A980C49D0C}.Release|x86.Build.0 = Release|Win32
		{19386AD2-D42D-44BB-B519-6AB7C2E00008}.Debug|x64.ActiveCfg = Debug|x64
		{19386AD2-D42D-44BB-B519-6AB7C2E00008}.Debug|x64.Build.0 = Debug|x64
		{19386AD2-D42D-44BB-B519-6AB7C2E00008}.Debug|x86.ActiveCfg = Debug|Win32
		{19386AD2-D42D-44BB-B519-6AB7C2E00008}.Debug|x86.Build.0 = Debug|Win32
		{19386AD2-D42D-44BB-B519-6AB7C2E00008}.Release|x64.ActiveCfg = Release|x64
		{19386AD2-D42D-44BB-B519-6AB7C2E00008}.Release|x64.Build.0 = Release|x64
		{19386AD2-D42D-44BB-B519-6AB7C2E00008}.Release|x86.ActiveCfg = Release|Win32
		{19386AD2-D42D-44BB-B519-6AB7C2E00008}.Release|x86.Build.0 = Release|Win32
		{F055F02A-A72B-4A53-AD5E-F82028C2E4D8}.Debug|x64.ActiveCfg = Debug|x64
		{F055F02A-A72B-4A53-AD5E-F82028C2E4D8}.Debug|x64.Build.0 = Debug|x64
		{F055F02A-A72B-4A53-AD5E-F82028C2E4D8}.Debug|x86.ActiveCfg = Debug|Win32
		{F055F02A-A72B-4A53-AD5E-F82028C2E4D8}.Debug|x86.Build.0 = Debug|Win32
		{F055F02A-A72B-4A53-AD5E-F82028C2E4D8}.Release|x64.ActiveCfg = Release|x64
		{F055F02A-A72B-4A53-AD5E-F82028C2E4D8}.Release|x64.Build.0 = Release|x64
		{F055F02A-A72B-4A53-AD5E-F82028C2E4D8}.Release|x86.ActiveCfg = Release|Win32
		{F055F02A-A72B-4A53-AD5E-F82028C2E4D8}.Release|x86.Build.0 = Release|Win32
		{079B9EB1-14B2-4E64-A3A9-D32409ADDEC9}.Debug|x64.ActiveCfg = Debug|x64
		{079B9EB1-14B2-4E64-A3A9-D32409ADDEC9}.Debug|x64.Build.0 = Debug|x64
		{079B9EB1-14B2-4E64-A3A9-D32409ADDEC9}.Debug|x86.ActiveCfg = Debug|Win32
		{079B9EB1-14B2-4E64-A3A9-D32409ADDEC9}.Debug|x86.Build.0 = Debug|Win32
		{079B9EB1-14B2-4E64-A3A9-D32409ADDEC9}.Release|x64.ActiveCfg = Release|x64
		{079B9EB1-14B2-4E64-A3A9-D32409ADDEC9}.Release|x64.Build.0 = Release|x64
		{079B9EB1-14B2-4E64-A3A9-D32409ADDEC9}.Release|x86.ActiveCfg = Release|Win32
		{079B9EB1-14B2-4E64-A3A9-D32409ADDEC9}.Release|x86.Build.0 = Release|Win32
		{21B567E5-B5A3-47DC-B58C-EBC6C3A784BB}.Debug|x64.ActiveCfg = Debug|x64
		{21B567E5-B5A3-47DC-B58C-EBC6C3A784BB}.Debug|x64.Build.0 = Debug|x64
		{21B567E5-B5A3-47DC-B58C-EBC6C3A784BB}.Debug|x86.ActiveCfg = Debug|Win32
		{21B567E5-B5A3-47DC-B58C-EBC6C3A784BB}.Debug|x86.Build.0 = Debug|Win32
		{21B567E5-B5A3-47DC-B58C-EBC6C3A784BB}.Release|x64.ActiveCfg = Release|x64
		{21B567E5-B5A3-47DC-B58C-EBC6C3A784BB}.Release|x64.Build.0 = Release|x64
		{21B567E5-B5A3-47DC-B58C-EBC6C3A784BB}.Release|x86.ActiveCfg = Release|Win32
		{21B567E5-B5A3-47DC-B58C-EBC6C3A784BB}.Release|x86.Build.0 = Release|Win32
	EndGlobalSection
	GlobalSection(SolutionProperties) = preSolution
		HideSolutionNode = FALSE
	EndGlobalSection
	GlobalSection(ExtensibilityGlobals) = postSolution
		SolutionGuid = {2745BD4E-8300-4E6B-986D-53A2B43DD8E9}
	EndGlobalSection
EndGlobal
