
Microsoft Visual Studio Solution File, Format Version 12.00
# Visual Studio Version 17
VisualStudioVersion = 17.3.32825.248
MinimumVisualStudioVersion = 10.0.40219.1
Project("{8BC9CEB8-8B4A-11D0-8D11-00A0C91BC942}") = "2022.09.12-Homework-1", "2022.09.12-Homework-1\2022.09.12-Homework-1.vcxproj", "{BB00CB11-9E13-4AB7-A804-81E514D4F16E}"
EndProject
Project("{8BC9CEB8-8B4A-11D0-8D11-00A0C91BC942}") = "task1", "task1\task1.vcxproj", "{C4CF2213-EB06-433B-A0A2-D3E1A459F789}"
EndProject
Project("{8BC9CEB8-8B4A-11D0-8D11-00A0C91BC942}") = "task2", "task2\task2.vcxproj", "{8DA7F316-AA53-41A2-AD1A-CC79918AC006}"
EndProject
Project("{8BC9CEB8-8B4A-11D0-8D11-00A0C91BC942}") = "task10", "task10\task10.vcxproj", "{C2893A79-98FA-4A0E-8CCF-E5C89D9E44EC}"
EndProject
Project("{8BC9CEB8-8B4A-11D0-8D11-00A0C91BC942}") = "task3", "task3\task3.vcxproj", "{51DFADD9-2342-4D23-A637-706C80251FE5}"
EndProject
Project("{8BC9CEB8-8B4A-11D0-8D11-00A0C91BC942}") = "task4", "task4\task4.vcxproj", "{665D8D95-064B-4EAD-9C17-A7EA53D085E2}"
EndProject
Project("{8BC9CEB8-8B4A-11D0-8D11-00A0C91BC942}") = "task5", "task5\task5.vcxproj", "{0D9096D1-8FC4-42CA-BF09-0D24CBBB0BE4}"
EndProject
Project("{8BC9CEB8-8B4A-11D0-8D11-00A0C91BC942}") = "task6", "task6\task6.vcxproj", "{C0679B8B-6F9F-4F65-849F-362EAFCF1A61}"
EndProject
Project("{8BC9CEB8-8B4A-11D0-8D11-00A0C91BC942}") = "task7", "task7\task7.vcxproj", "{09008E9C-FFD6-4585-B9D1-FDB2D17FE8FB}"
EndProject
Project("{8BC9CEB8-8B4A-11D0-8D11-00A0C91BC942}") = "task8", "task8\task8.vcxproj", "{487B6A0B-C949-4DC9-8BC1-1AF5AD176B06}"
EndProject
Project("{8BC9CEB8-8B4A-11D0-8D11-00A0C91BC942}") = "task9", "task9\task9.vcxproj", "{B2139233-FDA0-4326-944E-BD5BBEA64B05}"
EndProject
Global
	GlobalSection(SolutionConfigurationPlatforms) = preSolution
		Debug|x64 = Debug|x64
		Debug|x86 = Debug|x86
		Release|x64 = Release|x64
		Release|x86 = Release|x86
	EndGlobalSection
	GlobalSection(ProjectConfigurationPlatforms) = postSolution
		{BB00CB11-9E13-4AB7-A804-81E514D4F16E}.Debug|x64.ActiveCfg = Debug|x64
		{BB00CB11-9E13-4AB7-A804-81E514D4F16E}.Debug|x64.Build.0 = Debug|x64
		{BB00CB11-9E13-4AB7-A804-81E514D4F16E}.Debug|x86.ActiveCfg = Debug|Win32
		{BB00CB11-9E13-4AB7-A804-81E514D4F16E}.Debug|x86.Build.0 = Debug|Win32
		{BB00CB11-9E13-4AB7-A804-81E514D4F16E}.Release|x64.ActiveCfg = Release|x64
		{BB00CB11-9E13-4AB7-A804-81E514D4F16E}.Release|x64.Build.0 = Release|x64
		{BB00CB11-9E13-4AB7-A804-81E514D4F16E}.Release|x86.ActiveCfg = Release|Win32
		{BB00CB11-9E13-4AB7-A804-81E514D4F16E}.Release|x86.Build.0 = Release|Win32
		{C4CF2213-EB06-433B-A0A2-D3E1A459F789}.Debug|x64.ActiveCfg = Debug|x64
		{C4CF2213-EB06-433B-A0A2-D3E1A459F789}.Debug|x64.Build.0 = Debug|x64
		{C4CF2213-EB06-433B-A0A2-D3E1A459F789}.Debug|x86.ActiveCfg = Debug|Win32
		{C4CF2213-EB06-433B-A0A2-D3E1A459F789}.Debug|x86.Build.0 = Debug|Win32
		{C4CF2213-EB06-433B-A0A2-D3E1A459F789}.Release|x64.ActiveCfg = Release|x64
		{C4CF2213-EB06-433B-A0A2-D3E1A459F789}.Release|x64.Build.0 = Release|x64
		{C4CF2213-EB06-433B-A0A2-D3E1A459F789}.Release|x86.ActiveCfg = Release|Win32
		{C4CF2213-EB06-433B-A0A2-D3E1A459F789}.Release|x86.Build.0 = Release|Win32
		{8DA7F316-AA53-41A2-AD1A-CC79918AC006}.Debug|x64.ActiveCfg = Debug|x64
		{8DA7F316-AA53-41A2-AD1A-CC79918AC006}.Debug|x64.Build.0 = Debug|x64
		{8DA7F316-AA53-41A2-AD1A-CC79918AC006}.Debug|x86.ActiveCfg = Debug|Win32
		{8DA7F316-AA53-41A2-AD1A-CC79918AC006}.Debug|x86.Build.0 = Debug|Win32
		{8DA7F316-AA53-41A2-AD1A-CC79918AC006}.Release|x64.ActiveCfg = Release|x64
		{8DA7F316-AA53-41A2-AD1A-CC79918AC006}.Release|x64.Build.0 = Release|x64
		{8DA7F316-AA53-41A2-AD1A-CC79918AC006}.Release|x86.ActiveCfg = Release|Win32
		{8DA7F316-AA53-41A2-AD1A-CC79918AC006}.Release|x86.Build.0 = Release|Win32
		{C2893A79-98FA-4A0E-8CCF-E5C89D9E44EC}.Debug|x64.ActiveCfg = Debug|x64
		{C2893A79-98FA-4A0E-8CCF-E5C89D9E44EC}.Debug|x64.Build.0 = Debug|x64
		{C2893A79-98FA-4A0E-8CCF-E5C89D9E44EC}.Debug|x86.ActiveCfg = Debug|Win32
		{C2893A79-98FA-4A0E-8CCF-E5C89D9E44EC}.Debug|x86.Build.0 = Debug|Win32
		{C2893A79-98FA-4A0E-8CCF-E5C89D9E44EC}.Release|x64.ActiveCfg = Release|x64
		{C2893A79-98FA-4A0E-8CCF-E5C89D9E44EC}.Release|x64.Build.0 = Release|x64
		{C2893A79-98FA-4A0E-8CCF-E5C89D9E44EC}.Release|x86.ActiveCfg = Release|Win32
		{C2893A79-98FA-4A0E-8CCF-E5C89D9E44EC}.Release|x86.Build.0 = Release|Win32
		{51DFADD9-2342-4D23-A637-706C80251FE5}.Debug|x64.ActiveCfg = Debug|x64
		{51DFADD9-2342-4D23-A637-706C80251FE5}.Debug|x64.Build.0 = Debug|x64
		{51DFADD9-2342-4D23-A637-706C80251FE5}.Debug|x86.ActiveCfg = Debug|Win32
		{51DFADD9-2342-4D23-A637-706C80251FE5}.Debug|x86.Build.0 = Debug|Win32
		{51DFADD9-2342-4D23-A637-706C80251FE5}.Release|x64.ActiveCfg = Release|x64
		{51DFADD9-2342-4D23-A637-706C80251FE5}.Release|x64.Build.0 = Release|x64
		{51DFADD9-2342-4D23-A637-706C80251FE5}.Release|x86.ActiveCfg = Release|Win32
		{51DFADD9-2342-4D23-A637-706C80251FE5}.Release|x86.Build.0 = Release|Win32
		{665D8D95-064B-4EAD-9C17-A7EA53D085E2}.Debug|x64.ActiveCfg = Debug|x64
		{665D8D95-064B-4EAD-9C17-A7EA53D085E2}.Debug|x64.Build.0 = Debug|x64
		{665D8D95-064B-4EAD-9C17-A7EA53D085E2}.Debug|x86.ActiveCfg = Debug|Win32
		{665D8D95-064B-4EAD-9C17-A7EA53D085E2}.Debug|x86.Build.0 = Debug|Win32
		{665D8D95-064B-4EAD-9C17-A7EA53D085E2}.Release|x64.ActiveCfg = Release|x64
		{665D8D95-064B-4EAD-9C17-A7EA53D085E2}.Release|x64.Build.0 = Release|x64
		{665D8D95-064B-4EAD-9C17-A7EA53D085E2}.Release|x86.ActiveCfg = Release|Win32
		{665D8D95-064B-4EAD-9C17-A7EA53D085E2}.Release|x86.Build.0 = Release|Win32
		{0D9096D1-8FC4-42CA-BF09-0D24CBBB0BE4}.Debug|x64.ActiveCfg = Debug|x64
		{0D9096D1-8FC4-42CA-BF09-0D24CBBB0BE4}.Debug|x64.Build.0 = Debug|x64
		{0D9096D1-8FC4-42CA-BF09-0D24CBBB0BE4}.Debug|x86.ActiveCfg = Debug|Win32
		{0D9096D1-8FC4-42CA-BF09-0D24CBBB0BE4}.Debug|x86.Build.0 = Debug|Win32
		{0D9096D1-8FC4-42CA-BF09-0D24CBBB0BE4}.Release|x64.ActiveCfg = Release|x64
		{0D9096D1-8FC4-42CA-BF09-0D24CBBB0BE4}.Release|x64.Build.0 = Release|x64
		{0D9096D1-8FC4-42CA-BF09-0D24CBBB0BE4}.Release|x86.ActiveCfg = Release|Win32
		{0D9096D1-8FC4-42CA-BF09-0D24CBBB0BE4}.Release|x86.Build.0 = Release|Win32
		{C0679B8B-6F9F-4F65-849F-362EAFCF1A61}.Debug|x64.ActiveCfg = Debug|x64
		{C0679B8B-6F9F-4F65-849F-362EAFCF1A61}.Debug|x64.Build.0 = Debug|x64
		{C0679B8B-6F9F-4F65-849F-362EAFCF1A61}.Debug|x86.ActiveCfg = Debug|Win32
		{C0679B8B-6F9F-4F65-849F-362EAFCF1A61}.Debug|x86.Build.0 = Debug|Win32
		{C0679B8B-6F9F-4F65-849F-362EAFCF1A61}.Release|x64.ActiveCfg = Release|x64
		{C0679B8B-6F9F-4F65-849F-362EAFCF1A61}.Release|x64.Build.0 = Release|x64
		{C0679B8B-6F9F-4F65-849F-362EAFCF1A61}.Release|x86.ActiveCfg = Release|Win32
		{C0679B8B-6F9F-4F65-849F-362EAFCF1A61}.Release|x86.Build.0 = Release|Win32
		{09008E9C-FFD6-4585-B9D1-FDB2D17FE8FB}.Debug|x64.ActiveCfg = Debug|x64
		{09008E9C-FFD6-4585-B9D1-FDB2D17FE8FB}.Debug|x64.Build.0 = Debug|x64
		{09008E9C-FFD6-4585-B9D1-FDB2D17FE8FB}.Debug|x86.ActiveCfg = Debug|Win32
		{09008E9C-FFD6-4585-B9D1-FDB2D17FE8FB}.Debug|x86.Build.0 = Debug|Win32
		{09008E9C-FFD6-4585-B9D1-FDB2D17FE8FB}.Release|x64.ActiveCfg = Release|x64
		{09008E9C-FFD6-4585-B9D1-FDB2D17FE8FB}.Release|x64.Build.0 = Release|x64
		{09008E9C-FFD6-4585-B9D1-FDB2D17FE8FB}.Release|x86.ActiveCfg = Release|Win32
		{09008E9C-FFD6-4585-B9D1-FDB2D17FE8FB}.Release|x86.Build.0 = Release|Win32
		{487B6A0B-C949-4DC9-8BC1-1AF5AD176B06}.Debug|x64.ActiveCfg = Debug|x64
		{487B6A0B-C949-4DC9-8BC1-1AF5AD176B06}.Debug|x64.Build.0 = Debug|x64
		{487B6A0B-C949-4DC9-8BC1-1AF5AD176B06}.Debug|x86.ActiveCfg = Debug|Win32
		{487B6A0B-C949-4DC9-8BC1-1AF5AD176B06}.Debug|x86.Build.0 = Debug|Win32
		{487B6A0B-C949-4DC9-8BC1-1AF5AD176B06}.Release|x64.ActiveCfg = Release|x64
		{487B6A0B-C949-4DC9-8BC1-1AF5AD176B06}.Release|x64.Build.0 = Release|x64
		{487B6A0B-C949-4DC9-8BC1-1AF5AD176B06}.Release|x86.ActiveCfg = Release|Win32
		{487B6A0B-C949-4DC9-8BC1-1AF5AD176B06}.Release|x86.Build.0 = Release|Win32
		{B2139233-FDA0-4326-944E-BD5BBEA64B05}.Debug|x64.ActiveCfg = Debug|x64
		{B2139233-FDA0-4326-944E-BD5BBEA64B05}.Debug|x64.Build.0 = Debug|x64
		{B2139233-FDA0-4326-944E-BD5BBEA64B05}.Debug|x86.ActiveCfg = Debug|Win32
		{B2139233-FDA0-4326-944E-BD5BBEA64B05}.Debug|x86.Build.0 = Debug|Win32
		{B2139233-FDA0-4326-944E-BD5BBEA64B05}.Release|x64.ActiveCfg = Release|x64
		{B2139233-FDA0-4326-944E-BD5BBEA64B05}.Release|x64.Build.0 = Release|x64
		{B2139233-FDA0-4326-944E-BD5BBEA64B05}.Release|x86.ActiveCfg = Release|Win32
		{B2139233-FDA0-4326-944E-BD5BBEA64B05}.Release|x86.Build.0 = Release|Win32
	EndGlobalSection
	GlobalSection(SolutionProperties) = preSolution
		HideSolutionNode = FALSE
	EndGlobalSection
	GlobalSection(ExtensibilityGlobals) = postSolution
		SolutionGuid = {4A778EDE-BA12-4A88-813A-000C756AB3A1}
	EndGlobalSection
EndGlobal
