
Microsoft Visual Studio Solution File, Format Version 12.00
# Visual Studio Version 17
VisualStudioVersion = 17.3.32825.248
MinimumVisualStudioVersion = 10.0.40219.1
Project("{8BC9CEB8-8B4A-11D0-8D11-00A0C91BC942}") = "2022.10.30-Homework-6", "2022.10.30-Homework-6\2022.10.30-Homework-6.vcxproj", "{7705AB1E-37F3-4B62-8106-716321E4B0D6}"
EndProject
Project("{8BC9CEB8-8B4A-11D0-8D11-00A0C91BC942}") = "Task 1", "Task 1\Task 1.vcxproj", "{EA5607F9-E1F3-4E29-82C2-7E5E25B4B2CD}"
EndProject
Project("{8BC9CEB8-8B4A-11D0-8D11-00A0C91BC942}") = "Task 2", "Task 2\Task 2.vcxproj", "{9A354FE1-D220-49C1-9299-971B049028CF}"
EndProject
Project("{8BC9CEB8-8B4A-11D0-8D11-00A0C91BC942}") = "Task 3", "Task 3\Task 3.vcxproj", "{EE94B275-FA23-4837-A514-F909A0980349}"
EndProject
Project("{8BC9CEB8-8B4A-11D0-8D11-00A0C91BC942}") = "Task 4", "Task 4\Task 4.vcxproj", "{01165189-187A-4250-AD8F-BEBAF2C054C2}"
EndProject
Project("{8BC9CEB8-8B4A-11D0-8D11-00A0C91BC942}") = "Task 5", "Task 5\Task 5.vcxproj", "{90272816-B912-4C40-87EB-E36AD8D80377}"
EndProject
Project("{8BC9CEB8-8B4A-11D0-8D11-00A0C91BC942}") = "Task 6", "Task 6\Task 6.vcxproj", "{DD8994AC-C3E2-416E-9F42-E0F194E796E6}"
EndProject
Project("{8BC9CEB8-8B4A-11D0-8D11-00A0C91BC942}") = "Task 7", "Task 7\Task 7.vcxproj", "{37751E04-FAE9-45BC-9F84-CCCAD4D84FF7}"
EndProject
Project("{8BC9CEB8-8B4A-11D0-8D11-00A0C91BC942}") = "Task 8", "Task 8\Task 8.vcxproj", "{18E7433F-1E17-4D7C-A9E7-4CDDBC63A74F}"
EndProject
Global
	GlobalSection(SolutionConfigurationPlatforms) = preSolution
		Debug|x64 = Debug|x64
		Debug|x86 = Debug|x86
		Release|x64 = Release|x64
		Release|x86 = Release|x86
	EndGlobalSection
	GlobalSection(ProjectConfigurationPlatforms) = postSolution
		{7705AB1E-37F3-4B62-8106-716321E4B0D6}.Debug|x64.ActiveCfg = Debug|x64
		{7705AB1E-37F3-4B62-8106-716321E4B0D6}.Debug|x64.Build.0 = Debug|x64
		{7705AB1E-37F3-4B62-8106-716321E4B0D6}.Debug|x86.ActiveCfg = Debug|Win32
		{7705AB1E-37F3-4B62-8106-716321E4B0D6}.Debug|x86.Build.0 = Debug|Win32
		{7705AB1E-37F3-4B62-8106-716321E4B0D6}.Release|x64.ActiveCfg = Release|x64
		{7705AB1E-37F3-4B62-8106-716321E4B0D6}.Release|x64.Build.0 = Release|x64
		{7705AB1E-37F3-4B62-8106-716321E4B0D6}.Release|x86.ActiveCfg = Release|Win32
		{7705AB1E-37F3-4B62-8106-716321E4B0D6}.Release|x86.Build.0 = Release|Win32
		{EA5607F9-E1F3-4E29-82C2-7E5E25B4B2CD}.Debug|x64.ActiveCfg = Debug|x64
		{EA5607F9-E1F3-4E29-82C2-7E5E25B4B2CD}.Debug|x64.Build.0 = Debug|x64
		{EA5607F9-E1F3-4E29-82C2-7E5E25B4B2CD}.Debug|x86.ActiveCfg = Debug|Win32
		{EA5607F9-E1F3-4E29-82C2-7E5E25B4B2CD}.Debug|x86.Build.0 = Debug|Win32
		{EA5607F9-E1F3-4E29-82C2-7E5E25B4B2CD}.Release|x64.ActiveCfg = Release|x64
		{EA5607F9-E1F3-4E29-82C2-7E5E25B4B2CD}.Release|x64.Build.0 = Release|x64
		{EA5607F9-E1F3-4E29-82C2-7E5E25B4B2CD}.Release|x86.ActiveCfg = Release|Win32
		{EA5607F9-E1F3-4E29-82C2-7E5E25B4B2CD}.Release|x86.Build.0 = Release|Win32
		{9A354FE1-D220-49C1-9299-971B049028CF}.Debug|x64.ActiveCfg = Debug|x64
		{9A354FE1-D220-49C1-9299-971B049028CF}.Debug|x64.Build.0 = Debug|x64
		{9A354FE1-D220-49C1-9299-971B049028CF}.Debug|x86.ActiveCfg = Debug|Win32
		{9A354FE1-D220-49C1-9299-971B049028CF}.Debug|x86.Build.0 = Debug|Win32
		{9A354FE1-D220-49C1-9299-971B049028CF}.Release|x64.ActiveCfg = Release|x64
		{9A354FE1-D220-49C1-9299-971B049028CF}.Release|x64.Build.0 = Release|x64
		{9A354FE1-D220-49C1-9299-971B049028CF}.Release|x86.ActiveCfg = Release|Win32
		{9A354FE1-D220-49C1-9299-971B049028CF}.Release|x86.Build.0 = Release|Win32
		{EE94B275-FA23-4837-A514-F909A0980349}.Debug|x64.ActiveCfg = Debug|x64
		{EE94B275-FA23-4837-A514-F909A0980349}.Debug|x64.Build.0 = Debug|x64
		{EE94B275-FA23-4837-A514-F909A0980349}.Debug|x86.ActiveCfg = Debug|Win32
		{EE94B275-FA23-4837-A514-F909A0980349}.Debug|x86.Build.0 = Debug|Win32
		{EE94B275-FA23-4837-A514-F909A0980349}.Release|x64.ActiveCfg = Release|x64
		{EE94B275-FA23-4837-A514-F909A0980349}.Release|x64.Build.0 = Release|x64
		{EE94B275-FA23-4837-A514-F909A0980349}.Release|x86.ActiveCfg = Release|Win32
		{EE94B275-FA23-4837-A514-F909A0980349}.Release|x86.Build.0 = Release|Win32
		{01165189-187A-4250-AD8F-BEBAF2C054C2}.Debug|x64.ActiveCfg = Debug|x64
		{01165189-187A-4250-AD8F-BEBAF2C054C2}.Debug|x64.Build.0 = Debug|x64
		{01165189-187A-4250-AD8F-BEBAF2C054C2}.Debug|x86.ActiveCfg = Debug|Win32
		{01165189-187A-4250-AD8F-BEBAF2C054C2}.Debug|x86.Build.0 = Debug|Win32
		{01165189-187A-4250-AD8F-BEBAF2C054C2}.Release|x64.ActiveCfg = Release|x64
		{01165189-187A-4250-AD8F-BEBAF2C054C2}.Release|x64.Build.0 = Release|x64
		{01165189-187A-4250-AD8F-BEBAF2C054C2}.Release|x86.ActiveCfg = Release|Win32
		{01165189-187A-4250-AD8F-BEBAF2C054C2}.Release|x86.Build.0 = Release|Win32
		{90272816-B912-4C40-87EB-E36AD8D80377}.Debug|x64.ActiveCfg = Debug|x64
		{90272816-B912-4C40-87EB-E36AD8D80377}.Debug|x64.Build.0 = Debug|x64
		{90272816-B912-4C40-87EB-E36AD8D80377}.Debug|x86.ActiveCfg = Debug|Win32
		{90272816-B912-4C40-87EB-E36AD8D80377}.Debug|x86.Build.0 = Debug|Win32
		{90272816-B912-4C40-87EB-E36AD8D80377}.Release|x64.ActiveCfg = Release|x64
		{90272816-B912-4C40-87EB-E36AD8D80377}.Release|x64.Build.0 = Release|x64
		{90272816-B912-4C40-87EB-E36AD8D80377}.Release|x86.ActiveCfg = Release|Win32
		{90272816-B912-4C40-87EB-E36AD8D80377}.Release|x86.Build.0 = Release|Win32
		{DD8994AC-C3E2-416E-9F42-E0F194E796E6}.Debug|x64.ActiveCfg = Debug|x64
		{DD8994AC-C3E2-416E-9F42-E0F194E796E6}.Debug|x64.Build.0 = Debug|x64
		{DD8994AC-C3E2-416E-9F42-E0F194E796E6}.Debug|x86.ActiveCfg = Debug|Win32
		{DD8994AC-C3E2-416E-9F42-E0F194E796E6}.Debug|x86.Build.0 = Debug|Win32
		{DD8994AC-C3E2-416E-9F42-E0F194E796E6}.Release|x64.ActiveCfg = Release|x64
		{DD8994AC-C3E2-416E-9F42-E0F194E796E6}.Release|x64.Build.0 = Release|x64
		{DD8994AC-C3E2-416E-9F42-E0F194E796E6}.Release|x86.ActiveCfg = Release|Win32
		{DD8994AC-C3E2-416E-9F42-E0F194E796E6}.Release|x86.Build.0 = Release|Win32
		{37751E04-FAE9-45BC-9F84-CCCAD4D84FF7}.Debug|x64.ActiveCfg = Debug|x64
		{37751E04-FAE9-45BC-9F84-CCCAD4D84FF7}.Debug|x64.Build.0 = Debug|x64
		{37751E04-FAE9-45BC-9F84-CCCAD4D84FF7}.Debug|x86.ActiveCfg = Debug|Win32
		{37751E04-FAE9-45BC-9F84-CCCAD4D84FF7}.Debug|x86.Build.0 = Debug|Win32
		{37751E04-FAE9-45BC-9F84-CCCAD4D84FF7}.Release|x64.ActiveCfg = Release|x64
		{37751E04-FAE9-45BC-9F84-CCCAD4D84FF7}.Release|x64.Build.0 = Release|x64
		{37751E04-FAE9-45BC-9F84-CCCAD4D84FF7}.Release|x86.ActiveCfg = Release|Win32
		{37751E04-FAE9-45BC-9F84-CCCAD4D84FF7}.Release|x86.Build.0 = Release|Win32
		{18E7433F-1E17-4D7C-A9E7-4CDDBC63A74F}.Debug|x64.ActiveCfg = Debug|x64
		{18E7433F-1E17-4D7C-A9E7-4CDDBC63A74F}.Debug|x64.Build.0 = Debug|x64
		{18E7433F-1E17-4D7C-A9E7-4CDDBC63A74F}.Debug|x86.ActiveCfg = Debug|Win32
		{18E7433F-1E17-4D7C-A9E7-4CDDBC63A74F}.Debug|x86.Build.0 = Debug|Win32
		{18E7433F-1E17-4D7C-A9E7-4CDDBC63A74F}.Release|x64.ActiveCfg = Release|x64
		{18E7433F-1E17-4D7C-A9E7-4CDDBC63A74F}.Release|x64.Build.0 = Release|x64
		{18E7433F-1E17-4D7C-A9E7-4CDDBC63A74F}.Release|x86.ActiveCfg = Release|Win32
		{18E7433F-1E17-4D7C-A9E7-4CDDBC63A74F}.Release|x86.Build.0 = Release|Win32
	EndGlobalSection
	GlobalSection(SolutionProperties) = preSolution
		HideSolutionNode = FALSE
	EndGlobalSection
	GlobalSection(ExtensibilityGlobals) = postSolution
		SolutionGuid = {2AC8A366-6C45-43F1-83AE-F815E240720F}
	EndGlobalSection
EndGlobal
