
Microsoft Visual Studio Solution File, Format Version 12.00
# Visual Studio Version 17
VisualStudioVersion = 17.3.32825.248
MinimumVisualStudioVersion = 10.0.40219.1
Project("{8BC9CEB8-8B4A-11D0-8D11-00A0C91BC942}") = "2022.12.12-Homework-8", "2022.12.12-Homework-8\2022.12.12-Homework-8.vcxproj", "{624B1CFA-ACAC-4FFF-AC95-59D7677154BB}"
EndProject
Project("{8BC9CEB8-8B4A-11D0-8D11-00A0C91BC942}") = "Task1", "Task1\Task1.vcxproj", "{8E2E0DFF-1B3C-4017-BE1A-3495FA46C681}"
EndProject
Project("{8BC9CEB8-8B4A-11D0-8D11-00A0C91BC942}") = "Task2", "Task2\Task2.vcxproj", "{E0183B70-B5BA-4C25-A9E7-3B3BD7F96DFC}"
EndProject
Project("{8BC9CEB8-8B4A-11D0-8D11-00A0C91BC942}") = "Task3", "Task3\Task3.vcxproj", "{1D0BB6EA-27E5-4E4D-B33A-562D3C656CDD}"
EndProject
Project("{8BC9CEB8-8B4A-11D0-8D11-00A0C91BC942}") = "Task4", "Task4\Task4.vcxproj", "{1BD477CC-8043-40CC-9937-3077B8376BE8}"
EndProject
Project("{8BC9CEB8-8B4A-11D0-8D11-00A0C91BC942}") = "Task5", "Task5\Task5.vcxproj", "{38DC8B97-A321-43A2-BCF8-4769199135DF}"
EndProject
Project("{8BC9CEB8-8B4A-11D0-8D11-00A0C91BC942}") = "Task6", "Task6\Task6.vcxproj", "{D8415AA4-734D-4E54-936E-27FEDF55BF17}"
EndProject
Project("{8BC9CEB8-8B4A-11D0-8D11-00A0C91BC942}") = "Task7", "Task7\Task7.vcxproj", "{A0E6C996-BD52-4E12-AB7A-65B6BB71309F}"
EndProject
Project("{8BC9CEB8-8B4A-11D0-8D11-00A0C91BC942}") = "Task8", "Task8\Task8.vcxproj", "{7C0F207D-AD27-4D2C-B1DC-BFC4D2EFA0D0}"
EndProject
Project("{8BC9CEB8-8B4A-11D0-8D11-00A0C91BC942}") = "Task9", "Task9\Task9.vcxproj", "{3D2C8C74-B24A-4575-9976-5C3E3F553389}"
EndProject
Project("{8BC9CEB8-8B4A-11D0-8D11-00A0C91BC942}") = "Task10", "Task10\Task10.vcxproj", "{B9B464CB-0489-49A5-ACFF-0F09095E9BBE}"
EndProject
Global
	GlobalSection(SolutionConfigurationPlatforms) = preSolution
		Debug|x64 = Debug|x64
		Debug|x86 = Debug|x86
		Release|x64 = Release|x64
		Release|x86 = Release|x86
	EndGlobalSection
	GlobalSection(ProjectConfigurationPlatforms) = postSolution
		{624B1CFA-ACAC-4FFF-AC95-59D7677154BB}.Debug|x64.ActiveCfg = Debug|x64
		{624B1CFA-ACAC-4FFF-AC95-59D7677154BB}.Debug|x64.Build.0 = Debug|x64
		{624B1CFA-ACAC-4FFF-AC95-59D7677154BB}.Debug|x86.ActiveCfg = Debug|Win32
		{624B1CFA-ACAC-4FFF-AC95-59D7677154BB}.Debug|x86.Build.0 = Debug|Win32
		{624B1CFA-ACAC-4FFF-AC95-59D7677154BB}.Release|x64.ActiveCfg = Release|x64
		{624B1CFA-ACAC-4FFF-AC95-59D7677154BB}.Release|x64.Build.0 = Release|x64
		{624B1CFA-ACAC-4FFF-AC95-59D7677154BB}.Release|x86.ActiveCfg = Release|Win32
		{624B1CFA-ACAC-4FFF-AC95-59D7677154BB}.Release|x86.Build.0 = Release|Win32
		{8E2E0DFF-1B3C-4017-BE1A-3495FA46C681}.Debug|x64.ActiveCfg = Debug|x64
		{8E2E0DFF-1B3C-4017-BE1A-3495FA46C681}.Debug|x64.Build.0 = Debug|x64
		{8E2E0DFF-1B3C-4017-BE1A-3495FA46C681}.Debug|x86.ActiveCfg = Debug|Win32
		{8E2E0DFF-1B3C-4017-BE1A-3495FA46C681}.Debug|x86.Build.0 = Debug|Win32
		{8E2E0DFF-1B3C-4017-BE1A-3495FA46C681}.Release|x64.ActiveCfg = Release|x64
		{8E2E0DFF-1B3C-4017-BE1A-3495FA46C681}.Release|x64.Build.0 = Release|x64
		{8E2E0DFF-1B3C-4017-BE1A-3495FA46C681}.Release|x86.ActiveCfg = Release|Win32
		{8E2E0DFF-1B3C-4017-BE1A-3495FA46C681}.Release|x86.Build.0 = Release|Win32
		{E0183B70-B5BA-4C25-A9E7-3B3BD7F96DFC}.Debug|x64.ActiveCfg = Debug|x64
		{E0183B70-B5BA-4C25-A9E7-3B3BD7F96DFC}.Debug|x64.Build.0 = Debug|x64
		{E0183B70-B5BA-4C25-A9E7-3B3BD7F96DFC}.Debug|x86.ActiveCfg = Debug|Win32
		{E0183B70-B5BA-4C25-A9E7-3B3BD7F96DFC}.Debug|x86.Build.0 = Debug|Win32
		{E0183B70-B5BA-4C25-A9E7-3B3BD7F96DFC}.Release|x64.ActiveCfg = Release|x64
		{E0183B70-B5BA-4C25-A9E7-3B3BD7F96DFC}.Release|x64.Build.0 = Release|x64
		{E0183B70-B5BA-4C25-A9E7-3B3BD7F96DFC}.Release|x86.ActiveCfg = Release|Win32
		{E0183B70-B5BA-4C25-A9E7-3B3BD7F96DFC}.Release|x86.Build.0 = Release|Win32
		{1D0BB6EA-27E5-4E4D-B33A-562D3C656CDD}.Debug|x64.ActiveCfg = Debug|x64
		{1D0BB6EA-27E5-4E4D-B33A-562D3C656CDD}.Debug|x64.Build.0 = Debug|x64
		{1D0BB6EA-27E5-4E4D-B33A-562D3C656CDD}.Debug|x86.ActiveCfg = Debug|Win32
		{1D0BB6EA-27E5-4E4D-B33A-562D3C656CDD}.Debug|x86.Build.0 = Debug|Win32
		{1D0BB6EA-27E5-4E4D-B33A-562D3C656CDD}.Release|x64.ActiveCfg = Release|x64
		{1D0BB6EA-27E5-4E4D-B33A-562D3C656CDD}.Release|x64.Build.0 = Release|x64
		{1D0BB6EA-27E5-4E4D-B33A-562D3C656CDD}.Release|x86.ActiveCfg = Release|Win32
		{1D0BB6EA-27E5-4E4D-B33A-562D3C656CDD}.Release|x86.Build.0 = Release|Win32
		{1BD477CC-8043-40CC-9937-3077B8376BE8}.Debug|x64.ActiveCfg = Debug|x64
		{1BD477CC-8043-40CC-9937-3077B8376BE8}.Debug|x64.Build.0 = Debug|x64
		{1BD477CC-8043-40CC-9937-3077B8376BE8}.Debug|x86.ActiveCfg = Debug|Win32
		{1BD477CC-8043-40CC-9937-3077B8376BE8}.Debug|x86.Build.0 = Debug|Win32
		{1BD477CC-8043-40CC-9937-3077B8376BE8}.Release|x64.ActiveCfg = Release|x64
		{1BD477CC-8043-40CC-9937-3077B8376BE8}.Release|x64.Build.0 = Release|x64
		{1BD477CC-8043-40CC-9937-3077B8376BE8}.Release|x86.ActiveCfg = Release|Win32
		{1BD477CC-8043-40CC-9937-3077B8376BE8}.Release|x86.Build.0 = Release|Win32
		{38DC8B97-A321-43A2-BCF8-4769199135DF}.Debug|x64.ActiveCfg = Debug|x64
		{38DC8B97-A321-43A2-BCF8-4769199135DF}.Debug|x64.Build.0 = Debug|x64
		{38DC8B97-A321-43A2-BCF8-4769199135DF}.Debug|x86.ActiveCfg = Debug|Win32
		{38DC8B97-A321-43A2-BCF8-4769199135DF}.Debug|x86.Build.0 = Debug|Win32
		{38DC8B97-A321-43A2-BCF8-4769199135DF}.Release|x64.ActiveCfg = Release|x64
		{38DC8B97-A321-43A2-BCF8-4769199135DF}.Release|x64.Build.0 = Release|x64
		{38DC8B97-A321-43A2-BCF8-4769199135DF}.Release|x86.ActiveCfg = Release|Win32
		{38DC8B97-A321-43A2-BCF8-4769199135DF}.Release|x86.Build.0 = Release|Win32
		{D8415AA4-734D-4E54-936E-27FEDF55BF17}.Debug|x64.ActiveCfg = Debug|x64
		{D8415AA4-734D-4E54-936E-27FEDF55BF17}.Debug|x64.Build.0 = Debug|x64
		{D8415AA4-734D-4E54-936E-27FEDF55BF17}.Debug|x86.ActiveCfg = Debug|Win32
		{D8415AA4-734D-4E54-936E-27FEDF55BF17}.Debug|x86.Build.0 = Debug|Win32
		{D8415AA4-734D-4E54-936E-27FEDF55BF17}.Release|x64.ActiveCfg = Release|x64
		{D8415AA4-734D-4E54-936E-27FEDF55BF17}.Release|x64.Build.0 = Release|x64
		{D8415AA4-734D-4E54-936E-27FEDF55BF17}.Release|x86.ActiveCfg = Release|Win32
		{D8415AA4-734D-4E54-936E-27FEDF55BF17}.Release|x86.Build.0 = Release|Win32
		{A0E6C996-BD52-4E12-AB7A-65B6BB71309F}.Debug|x64.ActiveCfg = Debug|x64
		{A0E6C996-BD52-4E12-AB7A-65B6BB71309F}.Debug|x64.Build.0 = Debug|x64
		{A0E6C996-BD52-4E12-AB7A-65B6BB71309F}.Debug|x86.ActiveCfg = Debug|Win32
		{A0E6C996-BD52-4E12-AB7A-65B6BB71309F}.Debug|x86.Build.0 = Debug|Win32
		{A0E6C996-BD52-4E12-AB7A-65B6BB71309F}.Release|x64.ActiveCfg = Release|x64
		{A0E6C996-BD52-4E12-AB7A-65B6BB71309F}.Release|x64.Build.0 = Release|x64
		{A0E6C996-BD52-4E12-AB7A-65B6BB71309F}.Release|x86.ActiveCfg = Release|Win32
		{A0E6C996-BD52-4E12-AB7A-65B6BB71309F}.Release|x86.Build.0 = Release|Win32
		{7C0F207D-AD27-4D2C-B1DC-BFC4D2EFA0D0}.Debug|x64.ActiveCfg = Debug|x64
		{7C0F207D-AD27-4D2C-B1DC-BFC4D2EFA0D0}.Debug|x64.Build.0 = Debug|x64
		{7C0F207D-AD27-4D2C-B1DC-BFC4D2EFA0D0}.Debug|x86.ActiveCfg = Debug|Win32
		{7C0F207D-AD27-4D2C-B1DC-BFC4D2EFA0D0}.Debug|x86.Build.0 = Debug|Win32
		{7C0F207D-AD27-4D2C-B1DC-BFC4D2EFA0D0}.Release|x64.ActiveCfg = Release|x64
		{7C0F207D-AD27-4D2C-B1DC-BFC4D2EFA0D0}.Release|x64.Build.0 = Release|x64
		{7C0F207D-AD27-4D2C-B1DC-BFC4D2EFA0D0}.Release|x86.ActiveCfg = Release|Win32
		{7C0F207D-AD27-4D2C-B1DC-BFC4D2EFA0D0}.Release|x86.Build.0 = Release|Win32
		{3D2C8C74-B24A-4575-9976-5C3E3F553389}.Debug|x64.ActiveCfg = Debug|x64
		{3D2C8C74-B24A-4575-9976-5C3E3F553389}.Debug|x64.Build.0 = Debug|x64
		{3D2C8C74-B24A-4575-9976-5C3E3F553389}.Debug|x86.ActiveCfg = Debug|Win32
		{3D2C8C74-B24A-4575-9976-5C3E3F553389}.Debug|x86.Build.0 = Debug|Win32
		{3D2C8C74-B24A-4575-9976-5C3E3F553389}.Release|x64.ActiveCfg = Release|x64
		{3D2C8C74-B24A-4575-9976-5C3E3F553389}.Release|x64.Build.0 = Release|x64
		{3D2C8C74-B24A-4575-9976-5C3E3F553389}.Release|x86.ActiveCfg = Release|Win32
		{3D2C8C74-B24A-4575-9976-5C3E3F553389}.Release|x86.Build.0 = Release|Win32
		{B9B464CB-0489-49A5-ACFF-0F09095E9BBE}.Debug|x64.ActiveCfg = Debug|x64
		{B9B464CB-0489-49A5-ACFF-0F09095E9BBE}.Debug|x64.Build.0 = Debug|x64
		{B9B464CB-0489-49A5-ACFF-0F09095E9BBE}.Debug|x86.ActiveCfg = Debug|Win32
		{B9B464CB-0489-49A5-ACFF-0F09095E9BBE}.Debug|x86.Build.0 = Debug|Win32
		{B9B464CB-0489-49A5-ACFF-0F09095E9BBE}.Release|x64.ActiveCfg = Release|x64
		{B9B464CB-0489-49A5-ACFF-0F09095E9BBE}.Release|x64.Build.0 = Release|x64
		{B9B464CB-0489-49A5-ACFF-0F09095E9BBE}.Release|x86.ActiveCfg = Release|Win32
		{B9B464CB-0489-49A5-ACFF-0F09095E9BBE}.Release|x86.Build.0 = Release|Win32
	EndGlobalSection
	GlobalSection(SolutionProperties) = preSolution
		HideSolutionNode = FALSE
	EndGlobalSection
	GlobalSection(ExtensibilityGlobals) = postSolution
		SolutionGuid = {5669F664-366F-4B88-B171-CE3E40B39016}
	EndGlobalSection
EndGlobal
